
Microsoft Visual Studio Solution File, Format Version 12.00
# Visual Studio Version 16
VisualStudioVersion = 16.0.28621.142
MinimumVisualStudioVersion = 10.0.40219.1
Project("{9A19103F-16F7-4668-BE54-9A1E7A4F7556}") = "onkyo-eiscp", "onkyo-eiscp\onkyo-eiscp.csproj", "{C3767D2D-6EBD-4475-9752-5524C6A34FBD}"
EndProject
Project("{9A19103F-16F7-4668-BE54-9A1E7A4F7556}") = "Onkyo.Core", "Onkyo.Core\Onkyo.Core.csproj", "{8DC00526-06FF-44A5-80B8-FE26F352B7BB}"
EndProject
Project("{FAE04EC0-301F-11D3-BF4B-00C04F79EFBC}") = "Onkyo.Main.UWP", "Onkyo.Main\Onkyo.Main.UWP\Onkyo.Main.UWP.csproj", "{662326DE-CF37-4EAD-A4E1-0373941461BC}"
EndProject
Project("{FAE04EC0-301F-11D3-BF4B-00C04F79EFBC}") = "Onkyo.Main.Android", "Onkyo.Main\Onkyo.Main.Android\Onkyo.Main.Android.csproj", "{A88B880E-07E0-4941-BA7B-2AABB2FF6043}"
EndProject
Project("{FAE04EC0-301F-11D3-BF4B-00C04F79EFBC}") = "Onkyo.Main.iOS", "Onkyo.Main\Onkyo.Main.iOS\Onkyo.Main.iOS.csproj", "{D778BFBC-486E-4081-B73C-09D30EC50A16}"
EndProject
Project("{9A19103F-16F7-4668-BE54-9A1E7A4F7556}") = "Onkyo.Main", "Onkyo.Main\Onkyo.Main\Onkyo.Main.csproj", "{FD60DE71-7189-42F0-B28B-C9773710C0E2}"
EndProject
Global
	GlobalSection(SolutionConfigurationPlatforms) = preSolution
		Debug|Any CPU = Debug|Any CPU
		Debug|ARM = Debug|ARM
		Debug|ARM64 = Debug|ARM64
		Debug|iPhone = Debug|iPhone
		Debug|iPhoneSimulator = Debug|iPhoneSimulator
		Debug|x64 = Debug|x64
		Debug|x86 = Debug|x86
		Release|Any CPU = Release|Any CPU
		Release|ARM = Release|ARM
		Release|ARM64 = Release|ARM64
		Release|iPhone = Release|iPhone
		Release|iPhoneSimulator = Release|iPhoneSimulator
		Release|x64 = Release|x64
		Release|x86 = Release|x86
	EndGlobalSection
	GlobalSection(ProjectConfigurationPlatforms) = postSolution
		{C3767D2D-6EBD-4475-9752-5524C6A34FBD}.Debug|Any CPU.ActiveCfg = Debug|Any CPU
		{C3767D2D-6EBD-4475-9752-5524C6A34FBD}.Debug|Any CPU.Build.0 = Debug|Any CPU
		{C3767D2D-6EBD-4475-9752-5524C6A34FBD}.Debug|ARM.ActiveCfg = Debug|Any CPU
		{C3767D2D-6EBD-4475-9752-5524C6A34FBD}.Debug|ARM.Build.0 = Debug|Any CPU
		{C3767D2D-6EBD-4475-9752-5524C6A34FBD}.Debug|ARM64.ActiveCfg = Debug|Any CPU
		{C3767D2D-6EBD-4475-9752-5524C6A34FBD}.Debug|ARM64.Build.0 = Debug|Any CPU
		{C3767D2D-6EBD-4475-9752-5524C6A34FBD}.Debug|iPhone.ActiveCfg = Debug|Any CPU
		{C3767D2D-6EBD-4475-9752-5524C6A34FBD}.Debug|iPhone.Build.0 = Debug|Any CPU
		{C3767D2D-6EBD-4475-9752-5524C6A34FBD}.Debug|iPhoneSimulator.ActiveCfg = Debug|Any CPU
		{C3767D2D-6EBD-4475-9752-5524C6A34FBD}.Debug|iPhoneSimulator.Build.0 = Debug|Any CPU
		{C3767D2D-6EBD-4475-9752-5524C6A34FBD}.Debug|x64.ActiveCfg = Debug|Any CPU
		{C3767D2D-6EBD-4475-9752-5524C6A34FBD}.Debug|x64.Build.0 = Debug|Any CPU
		{C3767D2D-6EBD-4475-9752-5524C6A34FBD}.Debug|x86.ActiveCfg = Debug|Any CPU
		{C3767D2D-6EBD-4475-9752-5524C6A34FBD}.Debug|x86.Build.0 = Debug|Any CPU
		{C3767D2D-6EBD-4475-9752-5524C6A34FBD}.Release|Any CPU.ActiveCfg = Release|Any CPU
		{C3767D2D-6EBD-4475-9752-5524C6A34FBD}.Release|Any CPU.Build.0 = Release|Any CPU
		{C3767D2D-6EBD-4475-9752-5524C6A34FBD}.Release|ARM.ActiveCfg = Release|Any CPU
		{C3767D2D-6EBD-4475-9752-5524C6A34FBD}.Release|ARM.Build.0 = Release|Any CPU
		{C3767D2D-6EBD-4475-9752-5524C6A34FBD}.Release|ARM64.ActiveCfg = Release|Any CPU
		{C3767D2D-6EBD-4475-9752-5524C6A34FBD}.Release|ARM64.Build.0 = Release|Any CPU
		{C3767D2D-6EBD-4475-9752-5524C6A34FBD}.Release|iPhone.ActiveCfg = Release|Any CPU
		{C3767D2D-6EBD-4475-9752-5524C6A34FBD}.Release|iPhone.Build.0 = Release|Any CPU
		{C3767D2D-6EBD-4475-9752-5524C6A34FBD}.Release|iPhoneSimulator.ActiveCfg = Release|Any CPU
		{C3767D2D-6EBD-4475-9752-5524C6A34FBD}.Release|iPhoneSimulator.Build.0 = Release|Any CPU
		{C3767D2D-6EBD-4475-9752-5524C6A34FBD}.Release|x64.ActiveCfg = Release|Any CPU
		{C3767D2D-6EBD-4475-9752-5524C6A34FBD}.Release|x64.Build.0 = Release|Any CPU
		{C3767D2D-6EBD-4475-9752-5524C6A34FBD}.Release|x86.ActiveCfg = Release|Any CPU
		{C3767D2D-6EBD-4475-9752-5524C6A34FBD}.Release|x86.Build.0 = Release|Any CPU
		{8DC00526-06FF-44A5-80B8-FE26F352B7BB}.Debug|Any CPU.ActiveCfg = Debug|Any CPU
		{8DC00526-06FF-44A5-80B8-FE26F352B7BB}.Debug|Any CPU.Build.0 = Debug|Any CPU
		{8DC00526-06FF-44A5-80B8-FE26F352B7BB}.Debug|ARM.ActiveCfg = Debug|Any CPU
		{8DC00526-06FF-44A5-80B8-FE26F352B7BB}.Debug|ARM.Build.0 = Debug|Any CPU
		{8DC00526-06FF-44A5-80B8-FE26F352B7BB}.Debug|ARM64.ActiveCfg = Debug|Any CPU
		{8DC00526-06FF-44A5-80B8-FE26F352B7BB}.Debug|ARM64.Build.0 = Debug|Any CPU
		{8DC00526-06FF-44A5-80B8-FE26F352B7BB}.Debug|iPhone.ActiveCfg = Debug|Any CPU
		{8DC00526-06FF-44A5-80B8-FE26F352B7BB}.Debug|iPhone.Build.0 = Debug|Any CPU
		{8DC00526-06FF-44A5-80B8-FE26F352B7BB}.Debug|iPhoneSimulator.ActiveCfg = Debug|Any CPU
		{8DC00526-06FF-44A5-80B8-FE26F352B7BB}.Debug|iPhoneSimulator.Build.0 = Debug|Any CPU
		{8DC00526-06FF-44A5-80B8-FE26F352B7BB}.Debug|x64.ActiveCfg = Debug|Any CPU
		{8DC00526-06FF-44A5-80B8-FE26F352B7BB}.Debug|x64.Build.0 = Debug|Any CPU
		{8DC00526-06FF-44A5-80B8-FE26F352B7BB}.Debug|x86.ActiveCfg = Debug|Any CPU
		{8DC00526-06FF-44A5-80B8-FE26F352B7BB}.Debug|x86.Build.0 = Debug|Any CPU
		{8DC00526-06FF-44A5-80B8-FE26F352B7BB}.Release|Any CPU.ActiveCfg = Release|Any CPU
		{8DC00526-06FF-44A5-80B8-FE26F352B7BB}.Release|Any CPU.Build.0 = Release|Any CPU
		{8DC00526-06FF-44A5-80B8-FE26F352B7BB}.Release|ARM.ActiveCfg = Release|Any CPU
		{8DC00526-06FF-44A5-80B8-FE26F352B7BB}.Release|ARM.Build.0 = Release|Any CPU
		{8DC00526-06FF-44A5-80B8-FE26F352B7BB}.Release|ARM64.ActiveCfg = Release|Any CPU
		{8DC00526-06FF-44A5-80B8-FE26F352B7BB}.Release|ARM64.Build.0 = Release|Any CPU
		{8DC00526-06FF-44A5-80B8-FE26F352B7BB}.Release|iPhone.ActiveCfg = Release|Any CPU
		{8DC00526-06FF-44A5-80B8-FE26F352B7BB}.Release|iPhone.Build.0 = Release|Any CPU
		{8DC00526-06FF-44A5-80B8-FE26F352B7BB}.Release|iPhoneSimulator.ActiveCfg = Release|Any CPU
		{8DC00526-06FF-44A5-80B8-FE26F352B7BB}.Release|iPhoneSimulator.Build.0 = Release|Any CPU
		{8DC00526-06FF-44A5-80B8-FE26F352B7BB}.Release|x64.ActiveCfg = Release|Any CPU
		{8DC00526-06FF-44A5-80B8-FE26F352B7BB}.Release|x64.Build.0 = Release|Any CPU
		{8DC00526-06FF-44A5-80B8-FE26F352B7BB}.Release|x86.ActiveCfg = Release|Any CPU
		{8DC00526-06FF-44A5-80B8-FE26F352B7BB}.Release|x86.Build.0 = Release|Any CPU
		{662326DE-CF37-4EAD-A4E1-0373941461BC}.Debug|Any CPU.ActiveCfg = Debug|x86
		{662326DE-CF37-4EAD-A4E1-0373941461BC}.Debug|ARM.ActiveCfg = Debug|ARM
		{662326DE-CF37-4EAD-A4E1-0373941461BC}.Debug|ARM.Build.0 = Debug|ARM
		{662326DE-CF37-4EAD-A4E1-0373941461BC}.Debug|ARM.Deploy.0 = Debug|ARM
		{662326DE-CF37-4EAD-A4E1-0373941461BC}.Debug|ARM64.ActiveCfg = Debug|x86
		{662326DE-CF37-4EAD-A4E1-0373941461BC}.Debug|iPhone.ActiveCfg = Debug|x86
		{662326DE-CF37-4EAD-A4E1-0373941461BC}.Debug|iPhoneSimulator.ActiveCfg = Debug|x86
		{662326DE-CF37-4EAD-A4E1-0373941461BC}.Debug|x64.ActiveCfg = Debug|x64
		{662326DE-CF37-4EAD-A4E1-0373941461BC}.Debug|x64.Build.0 = Debug|x64
		{662326DE-CF37-4EAD-A4E1-0373941461BC}.Debug|x64.Deploy.0 = Debug|x64
		{662326DE-CF37-4EAD-A4E1-0373941461BC}.Debug|x86.ActiveCfg = Debug|x86
		{662326DE-CF37-4EAD-A4E1-0373941461BC}.Debug|x86.Build.0 = Debug|x86
		{662326DE-CF37-4EAD-A4E1-0373941461BC}.Debug|x86.Deploy.0 = Debug|x86
		{662326DE-CF37-4EAD-A4E1-0373941461BC}.Release|Any CPU.ActiveCfg = Release|x86
		{662326DE-CF37-4EAD-A4E1-0373941461BC}.Release|ARM.ActiveCfg = Release|ARM
		{662326DE-CF37-4EAD-A4E1-0373941461BC}.Release|ARM.Build.0 = Release|ARM
		{662326DE-CF37-4EAD-A4E1-0373941461BC}.Release|ARM.Deploy.0 = Release|ARM
		{662326DE-CF37-4EAD-A4E1-0373941461BC}.Release|ARM64.ActiveCfg = Release|x86
		{662326DE-CF37-4EAD-A4E1-0373941461BC}.Release|iPhone.ActiveCfg = Release|x86
		{662326DE-CF37-4EAD-A4E1-0373941461BC}.Release|iPhoneSimulator.ActiveCfg = Release|x86
		{662326DE-CF37-4EAD-A4E1-0373941461BC}.Release|x64.ActiveCfg = Release|x64
		{662326DE-CF37-4EAD-A4E1-0373941461BC}.Release|x64.Build.0 = Release|x64
		{662326DE-CF37-4EAD-A4E1-0373941461BC}.Release|x64.Deploy.0 = Release|x64
		{662326DE-CF37-4EAD-A4E1-0373941461BC}.Release|x86.ActiveCfg = Release|x86
		{662326DE-CF37-4EAD-A4E1-0373941461BC}.Release|x86.Build.0 = Release|x86
		{662326DE-CF37-4EAD-A4E1-0373941461BC}.Release|x86.Deploy.0 = Release|x86
		{A88B880E-07E0-4941-BA7B-2AABB2FF6043}.Debug|Any CPU.ActiveCfg = Debug|Any CPU
		{A88B880E-07E0-4941-BA7B-2AABB2FF6043}.Debug|Any CPU.Build.0 = Debug|Any CPU
		{A88B880E-07E0-4941-BA7B-2AABB2FF6043}.Debug|Any CPU.Deploy.0 = Debug|Any CPU
		{A88B880E-07E0-4941-BA7B-2AABB2FF6043}.Debug|ARM.ActiveCfg = Debug|Any CPU
		{A88B880E-07E0-4941-BA7B-2AABB2FF6043}.Debug|ARM.Build.0 = Debug|Any CPU
		{A88B880E-07E0-4941-BA7B-2AABB2FF6043}.Debug|ARM.Deploy.0 = Debug|Any CPU
		{A88B880E-07E0-4941-BA7B-2AABB2FF6043}.Debug|ARM64.ActiveCfg = Debug|Any CPU
		{A88B880E-07E0-4941-BA7B-2AABB2FF6043}.Debug|ARM64.Build.0 = Debug|Any CPU
		{A88B880E-07E0-4941-BA7B-2AABB2FF6043}.Debug|ARM64.Deploy.0 = Debug|Any CPU
		{A88B880E-07E0-4941-BA7B-2AABB2FF6043}.Debug|iPhone.ActiveCfg = Debug|Any CPU
		{A88B880E-07E0-4941-BA7B-2AABB2FF6043}.Debug|iPhone.Build.0 = Debug|Any CPU
		{A88B880E-07E0-4941-BA7B-2AABB2FF6043}.Debug|iPhone.Deploy.0 = Debug|Any CPU
		{A88B880E-07E0-4941-BA7B-2AABB2FF6043}.Debug|iPhoneSimulator.ActiveCfg = Debug|Any CPU
		{A88B880E-07E0-4941-BA7B-2AABB2FF6043}.Debug|iPhoneSimulator.Build.0 = Debug|Any CPU
		{A88B880E-07E0-4941-BA7B-2AABB2FF6043}.Debug|iPhoneSimulator.Deploy.0 = Debug|Any CPU
		{A88B880E-07E0-4941-BA7B-2AABB2FF6043}.Debug|x64.ActiveCfg = Debug|Any CPU
		{A88B880E-07E0-4941-BA7B-2AABB2FF6043}.Debug|x64.Build.0 = Debug|Any CPU
		{A88B880E-07E0-4941-BA7B-2AABB2FF6043}.Debug|x64.Deploy.0 = Debug|Any CPU
		{A88B880E-07E0-4941-BA7B-2AABB2FF6043}.Debug|x86.ActiveCfg = Debug|Any CPU
		{A88B880E-07E0-4941-BA7B-2AABB2FF6043}.Debug|x86.Build.0 = Debug|Any CPU
		{A88B880E-07E0-4941-BA7B-2AABB2FF6043}.Debug|x86.Deploy.0 = Debug|Any CPU
		{A88B880E-07E0-4941-BA7B-2AABB2FF6043}.Release|Any CPU.ActiveCfg = Release|Any CPU
		{A88B880E-07E0-4941-BA7B-2AABB2FF6043}.Release|Any CPU.Build.0 = Release|Any CPU
		{A88B880E-07E0-4941-BA7B-2AABB2FF6043}.Release|Any CPU.Deploy.0 = Release|Any CPU
		{A88B880E-07E0-4941-BA7B-2AABB2FF6043}.Release|ARM.ActiveCfg = Release|Any CPU
		{A88B880E-07E0-4941-BA7B-2AABB2FF6043}.Release|ARM.Build.0 = Release|Any CPU
		{A88B880E-07E0-4941-BA7B-2AABB2FF6043}.Release|ARM.Deploy.0 = Release|Any CPU
		{A88B880E-07E0-4941-BA7B-2AABB2FF6043}.Release|ARM64.ActiveCfg = Release|Any CPU
		{A88B880E-07E0-4941-BA7B-2AABB2FF6043}.Release|ARM64.Build.0 = Release|Any CPU
		{A88B880E-07E0-4941-BA7B-2AABB2FF6043}.Release|ARM64.Deploy.0 = Release|Any CPU
		{A88B880E-07E0-4941-BA7B-2AABB2FF6043}.Release|iPhone.ActiveCfg = Release|Any CPU
		{A88B880E-07E0-4941-BA7B-2AABB2FF6043}.Release|iPhone.Build.0 = Release|Any CPU
		{A88B880E-07E0-4941-BA7B-2AABB2FF6043}.Release|iPhone.Deploy.0 = Release|Any CPU
		{A88B880E-07E0-4941-BA7B-2AABB2FF6043}.Release|iPhoneSimulator.ActiveCfg = Release|Any CPU
		{A88B880E-07E0-4941-BA7B-2AABB2FF6043}.Release|iPhoneSimulator.Build.0 = Release|Any CPU
		{A88B880E-07E0-4941-BA7B-2AABB2FF6043}.Release|iPhoneSimulator.Deploy.0 = Release|Any CPU
		{A88B880E-07E0-4941-BA7B-2AABB2FF6043}.Release|x64.ActiveCfg = Release|Any CPU
		{A88B880E-07E0-4941-BA7B-2AABB2FF6043}.Release|x64.Build.0 = Release|Any CPU
		{A88B880E-07E0-4941-BA7B-2AABB2FF6043}.Release|x64.Deploy.0 = Release|Any CPU
		{A88B880E-07E0-4941-BA7B-2AABB2FF6043}.Release|x86.ActiveCfg = Release|Any CPU
		{A88B880E-07E0-4941-BA7B-2AABB2FF6043}.Release|x86.Build.0 = Release|Any CPU
		{A88B880E-07E0-4941-BA7B-2AABB2FF6043}.Release|x86.Deploy.0 = Release|Any CPU
		{D778BFBC-486E-4081-B73C-09D30EC50A16}.Debug|Any CPU.ActiveCfg = Debug|iPhone
		{D778BFBC-486E-4081-B73C-09D30EC50A16}.Debug|ARM.ActiveCfg = Debug|iPhone
		{D778BFBC-486E-4081-B73C-09D30EC50A16}.Debug|ARM64.ActiveCfg = Debug|iPhone
		{D778BFBC-486E-4081-B73C-09D30EC50A16}.Debug|iPhone.ActiveCfg = Debug|iPhone
		{D778BFBC-486E-4081-B73C-09D30EC50A16}.Debug|iPhone.Build.0 = Debug|iPhone
		{D778BFBC-486E-4081-B73C-09D30EC50A16}.Debug|iPhoneSimulator.ActiveCfg = Debug|iPhoneSimulator
		{D778BFBC-486E-4081-B73C-09D30EC50A16}.Debug|iPhoneSimulator.Build.0 = Debug|iPhoneSimulator
		{D778BFBC-486E-4081-B73C-09D30EC50A16}.Debug|x64.ActiveCfg = Debug|iPhone
		{D778BFBC-486E-4081-B73C-09D30EC50A16}.Debug|x86.ActiveCfg = Debug|iPhone
		{D778BFBC-486E-4081-B73C-09D30EC50A16}.Release|Any CPU.ActiveCfg = Release|iPhone
		{D778BFBC-486E-4081-B73C-09D30EC50A16}.Release|ARM.ActiveCfg = Release|iPhone
		{D778BFBC-486E-4081-B73C-09D30EC50A16}.Release|ARM64.ActiveCfg = Release|iPhone
		{D778BFBC-486E-4081-B73C-09D30EC50A16}.Release|iPhone.ActiveCfg = Release|iPhone
		{D778BFBC-486E-4081-B73C-09D30EC50A16}.Release|iPhone.Build.0 = Release|iPhone
		{D778BFBC-486E-4081-B73C-09D30EC50A16}.Release|iPhoneSimulator.ActiveCfg = Release|iPhoneSimulator
		{D778BFBC-486E-4081-B73C-09D30EC50A16}.Release|iPhoneSimulator.Build.0 = Release|iPhoneSimulator
		{D778BFBC-486E-4081-B73C-09D30EC50A16}.Release|x64.ActiveCfg = Release|iPhone
		{D778BFBC-486E-4081-B73C-09D30EC50A16}.Release|x86.ActiveCfg = Release|iPhone
		{FD60DE71-7189-42F0-B28B-C9773710C0E2}.Debug|Any CPU.ActiveCfg = Debug|Any CPU
		{FD60DE71-7189-42F0-B28B-C9773710C0E2}.Debug|Any CPU.Build.0 = Debug|Any CPU
		{FD60DE71-7189-42F0-B28B-C9773710C0E2}.Debug|ARM.ActiveCfg = Debug|Any CPU
		{FD60DE71-7189-42F0-B28B-C9773710C0E2}.Debug|ARM.Build.0 = Debug|Any CPU
		{FD60DE71-7189-42F0-B28B-C9773710C0E2}.Debug|ARM64.ActiveCfg = Debug|Any CPU
		{FD60DE71-7189-42F0-B28B-C9773710C0E2}.Debug|ARM64.Build.0 = Debug|Any CPU
		{FD60DE71-7189-42F0-B28B-C9773710C0E2}.Debug|iPhone.ActiveCfg = Debug|Any CPU
		{FD60DE71-7189-42F0-B28B-C9773710C0E2}.Debug|iPhone.Build.0 = Debug|Any CPU
		{FD60DE71-7189-42F0-B28B-C9773710C0E2}.Debug|iPhoneSimulator.ActiveCfg = Debug|Any CPU
		{FD60DE71-7189-42F0-B28B-C9773710C0E2}.Debug|iPhoneSimulator.Build.0 = Debug|Any CPU
		{FD60DE71-7189-42F0-B28B-C9773710C0E2}.Debug|x64.ActiveCfg = Debug|Any CPU
		{FD60DE71-7189-42F0-B28B-C9773710C0E2}.Debug|x64.Build.0 = Debug|Any CPU
		{FD60DE71-7189-42F0-B28B-C9773710C0E2}.Debug|x86.ActiveCfg = Debug|Any CPU
		{FD60DE71-7189-42F0-B28B-C9773710C0E2}.Debug|x86.Build.0 = Debug|Any CPU
		{FD60DE71-7189-42F0-B28B-C9773710C0E2}.Release|Any CPU.ActiveCfg = Release|Any CPU
		{FD60DE71-7189-42F0-B28B-C9773710C0E2}.Release|Any CPU.Build.0 = Release|Any CPU
		{FD60DE71-7189-42F0-B28B-C9773710C0E2}.Release|ARM.ActiveCfg = Release|Any CPU
		{FD60DE71-7189-42F0-B28B-C9773710C0E2}.Release|ARM.Build.0 = Release|Any CPU
		{FD60DE71-7189-42F0-B28B-C9773710C0E2}.Release|ARM64.ActiveCfg = Release|Any CPU
		{FD60DE71-7189-42F0-B28B-C9773710C0E2}.Release|ARM64.Build.0 = Release|Any CPU
		{FD60DE71-7189-42F0-B28B-C9773710C0E2}.Release|iPhone.ActiveCfg = Release|Any CPU
		{FD60DE71-7189-42F0-B28B-C9773710C0E2}.Release|iPhone.Build.0 = Release|Any CPU
		{FD60DE71-7189-42F0-B28B-C9773710C0E2}.Release|iPhoneSimulator.ActiveCfg = Release|Any CPU
		{FD60DE71-7189-42F0-B28B-C9773710C0E2}.Release|iPhoneSimulator.Build.0 = Release|Any CPU
		{FD60DE71-7189-42F0-B28B-C9773710C0E2}.Release|x64.ActiveCfg = Release|Any CPU
		{FD60DE71-7189-42F0-B28B-C9773710C0E2}.Release|x64.Build.0 = Release|Any CPU
		{FD60DE71-7189-42F0-B28B-C9773710C0E2}.Release|x86.ActiveCfg = Release|Any CPU
		{FD60DE71-7189-42F0-B28B-C9773710C0E2}.Release|x86.Build.0 = Release|Any CPU
	EndGlobalSection
	GlobalSection(SolutionProperties) = preSolution
		HideSolutionNode = FALSE
	EndGlobalSection
	GlobalSection(ExtensibilityGlobals) = postSolution
		SolutionGuid = {BBA9BA31-39CF-42E0-815F-1DE21EBE62B8}
	EndGlobalSection
EndGlobal
